
Microsoft Visual Studio Solution File, Format Version 12.00
# Visual Studio 15
VisualStudioVersion = 15.0.28307.168
MinimumVisualStudioVersion = 10.0.40219.1
Project("{9A19103F-16F7-4668-BE54-9A1E7A4F7556}") = "InsightContent", "InsightContent\InsightContent.csproj", "{8FE887E2-DE4C-4154-840A-0472B6B1EAF2}"
EndProject
Project("{9A19103F-16F7-4668-BE54-9A1E7A4F7556}") = "AuthenticationService", "AuthenticationService\AuthenticationService.csproj", "{24C901B5-B4F0-4377-9B1A-95E490288818}"
EndProject
Project("{9A19103F-16F7-4668-BE54-9A1E7A4F7556}") = "AuthenticationService.Test", "AuthenticationService.Test\AuthenticationService.Test.csproj", "{0AA1C951-0C5A-4ECA-BD21-1AA77BC6DC7F}"
EndProject
Project("{FAE04EC0-301F-11D3-BF4B-00C04F79EFBC}") = "DataBaseAccessService", "DataBaseAccessService\DataBaseAccessService.csproj", "{DD69AD3A-0E93-446E-913E-ED9DDB2E14B5}"
EndProject
Project("{FAE04EC0-301F-11D3-BF4B-00C04F79EFBC}") = "DataBaseAccessService.Test", "DataBaseAccessService.Test\DataBaseAccessService.Test.csproj", "{3B750AC0-6E4F-4062-B1AC-AF887F67AD3A}"
EndProject
Global
	GlobalSection(SolutionConfigurationPlatforms) = preSolution
		Debug|Any CPU = Debug|Any CPU
		Release|Any CPU = Release|Any CPU
	EndGlobalSection
	GlobalSection(ProjectConfigurationPlatforms) = postSolution
		{8FE887E2-DE4C-4154-840A-0472B6B1EAF2}.Debug|Any CPU.ActiveCfg = Debug|Any CPU
		{8FE887E2-DE4C-4154-840A-0472B6B1EAF2}.Debug|Any CPU.Build.0 = Debug|Any CPU
		{8FE887E2-DE4C-4154-840A-0472B6B1EAF2}.Release|Any CPU.ActiveCfg = Release|Any CPU
		{8FE887E2-DE4C-4154-840A-0472B6B1EAF2}.Release|Any CPU.Build.0 = Release|Any CPU
		{24C901B5-B4F0-4377-9B1A-95E490288818}.Debug|Any CPU.ActiveCfg = Debug|Any CPU
		{24C901B5-B4F0-4377-9B1A-95E490288818}.Debug|Any CPU.Build.0 = Debug|Any CPU
		{24C901B5-B4F0-4377-9B1A-95E490288818}.Release|Any CPU.ActiveCfg = Release|Any CPU
		{24C901B5-B4F0-4377-9B1A-95E490288818}.Release|Any CPU.Build.0 = Release|Any CPU
		{0AA1C951-0C5A-4ECA-BD21-1AA77BC6DC7F}.Debug|Any CPU.ActiveCfg = Debug|Any CPU
		{0AA1C951-0C5A-4ECA-BD21-1AA77BC6DC7F}.Debug|Any CPU.Build.0 = Debug|Any CPU
		{0AA1C951-0C5A-4ECA-BD21-1AA77BC6DC7F}.Release|Any CPU.ActiveCfg = Release|Any CPU
		{0AA1C951-0C5A-4ECA-BD21-1AA77BC6DC7F}.Release|Any CPU.Build.0 = Release|Any CPU
		{DD69AD3A-0E93-446E-913E-ED9DDB2E14B5}.Debug|Any CPU.ActiveCfg = Debug|Any CPU
		{DD69AD3A-0E93-446E-913E-ED9DDB2E14B5}.Debug|Any CPU.Build.0 = Debug|Any CPU
		{DD69AD3A-0E93-446E-913E-ED9DDB2E14B5}.Release|Any CPU.ActiveCfg = Release|Any CPU
		{DD69AD3A-0E93-446E-913E-ED9DDB2E14B5}.Release|Any CPU.Build.0 = Release|Any CPU
		{3B750AC0-6E4F-4062-B1AC-AF887F67AD3A}.Debug|Any CPU.ActiveCfg = Debug|Any CPU
		{3B750AC0-6E4F-4062-B1AC-AF887F67AD3A}.Debug|Any CPU.Build.0 = Debug|Any CPU
		{3B750AC0-6E4F-4062-B1AC-AF887F67AD3A}.Release|Any CPU.ActiveCfg = Release|Any CPU
		{3B750AC0-6E4F-4062-B1AC-AF887F67AD3A}.Release|Any CPU.Build.0 = Release|Any CPU
	EndGlobalSection
	GlobalSection(SolutionProperties) = preSolution
		HideSolutionNode = FALSE
	EndGlobalSection
	GlobalSection(ExtensibilityGlobals) = postSolution
		SolutionGuid = {8C5910C4-5B68-4F7B-A899-8E19CBF50B07}
	EndGlobalSection
EndGlobal
